
Microsoft Visual Studio Solution File, Format Version 12.00
# Visual Studio Version 17
VisualStudioVersion = 17.0.32126.317
MinimumVisualStudioVersion = 10.0.40219.1
Project("{FAE04EC0-301F-11D3-BF4B-00C04F79EFBC}") = "Asp.netCoreCrudWithMVC", "Asp.netCoreCrudWithMVC\Asp.netCoreCrudWithMVC.csproj", "{EFCFB31B-0F75-4303-AC2C-CFC15CC1A999}"
EndProject
Global
	GlobalSection(SolutionConfigurationPlatforms) = preSolution
		Debug|Any CPU = Debug|Any CPU
		Release|Any CPU = Release|Any CPU
	EndGlobalSection
	GlobalSection(ProjectConfigurationPlatforms) = postSolution
		{EFCFB31B-0F75-4303-AC2C-CFC15CC1A999}.Debug|Any CPU.ActiveCfg = Debug|Any CPU
		{EFCFB31B-0F75-4303-AC2C-CFC15CC1A999}.Debug|Any CPU.Build.0 = Debug|Any CPU
		{EFCFB31B-0F75-4303-AC2C-CFC15CC1A999}.Release|Any CPU.ActiveCfg = Release|Any CPU
		{EFCFB31B-0F75-4303-AC2C-CFC15CC1A999}.Release|Any CPU.Build.0 = Release|Any CPU
	EndGlobalSection
	GlobalSection(SolutionProperties) = preSolution
		HideSolutionNode = FALSE
	EndGlobalSection
	GlobalSection(ExtensibilityGlobals) = postSolution
		SolutionGuid = {5B6D1E9A-F476-43F6-B224-6AAA83731D17}
	EndGlobalSection
EndGlobal
